{
  "version": 4,
  "terraform_version": "1.10.4",
  "serial": 9,
  "lineage": "8d106f01-7dec-6ec1-6734-bf4f80243e04",
  "outputs": {},
  "resources": [
    {
      "mode": "data",
      "type": "yandex_compute_image",
      "name": "ubuntu",
      "provider": "provider[\"registry.terraform.io/yandex-cloud/yandex\"]",
      "instances": [
        {
          "schema_version": 0,
          "attributes": {
            "created_at": "2024-11-25T10:59:40Z",
            "description": "Ubuntu 24.04 OsLogin",
            "family": "ubuntu-2404-lts-oslogin",
            "folder_id": "standard-images",
            "hardware_generation": [
              {
                "generation2_features": [],
                "legacy_features": [
                  {
                    "pci_topology": "PCI_TOPOLOGY_V1"
                  }
                ]
              }
            ],
            "id": "fd8chrq89mmk8tqm85r8",
            "image_id": "fd8chrq89mmk8tqm85r8",
            "kms_key_id": null,
            "labels": {},
            "min_disk_size": 10,
            "name": "ubuntu-2404-lts-oslogin-v20241125",
            "os_type": "linux",
            "pooled": true,
            "product_ids": [
              "f2et3djlqc2fl18gr8bs"
            ],
            "size": 5,
            "status": "ready"
          },
          "sensitive_attributes": []
        }
      ]
    },
    {
      "mode": "managed",
      "type": "yandex_compute_instance",
      "name": "nat-instance",
      "provider": "provider[\"registry.terraform.io/yandex-cloud/yandex\"]",
      "instances": [
        {
          "index_key": 0,
          "schema_version": 1,
          "attributes": {
            "allow_recreate": null,
            "allow_stopping_for_update": null,
            "boot_disk": [
              {
                "auto_delete": true,
                "device_name": "epd04dpo372lksfse09f",
                "disk_id": "epd04dpo372lksfse09f",
                "initialize_params": [
                  {
                    "block_size": 4096,
                    "description": "",
                    "image_id": "fd8chrq89mmk8tqm85r8",
                    "kms_key_id": "",
                    "name": "",
                    "size": 50,
                    "snapshot_id": "",
                    "type": "network-hdd"
                  }
                ],
                "mode": "READ_WRITE"
              }
            ],
            "created_at": "2025-01-28T08:11:28Z",
            "description": "",
            "filesystem": [],
            "folder_id": "b1gbaccuaasnld9i4p6h",
            "fqdn": "epd7mlb5v22942r60k4c.auto.internal",
            "gpu_cluster_id": "",
            "hardware_generation": [
              {
                "generation2_features": [],
                "legacy_features": [
                  {
                    "pci_topology": "PCI_TOPOLOGY_V1"
                  }
                ]
              }
            ],
            "hostname": "",
            "id": "epd7mlb5v22942r60k4c",
            "labels": null,
            "local_disk": [],
            "maintenance_grace_period": "",
            "maintenance_policy": null,
            "metadata": {
              "serial-port-enable": "1",
              "ssh-keys": "user:ssh-rsa AAAAB3NzaC1yc2EAAAADAQABAAABgQDVirm/fZojFfseB2R6PmHiDvVweDMO6E5zeBix/P1HWgw/PtJ+d66AVwVNQk9eaVRqNU4aBAWXSdlyZbBxRpDsUKdWBsAHhPOU25lklfcYhWjHbF/cQ8peKRkVxNEMiS8F/gJvcjIXia0hMTZpDVBS2PZ+h9KokYKulz4bAEYV7J/VipjsUMtpKUkRx/gttnjoXEv6J++9Cxy0iD8zEO1fBWTSvMCxTqAo873va9AI9ua3tivFC1VjvxXQIbKznuJ4k0mJY0Bg7fkoDVqskfjmu72FoflZ1rhuYnwAr+r1ugqLpeGFNtiem837KLppgmtpVuJN3PKbx6EPMnJ2uf89oMPcEhhHrhYOGmWEFvrPFqerDfCX+UXkvU+KK4tpUe0K0uw5/e7EsSqnZvoWx6tvSh7cPkWT4kIZXFPzsqvcSepI+H3hiv8CQuypr1aHYikcTM6AdeU3RQBq8FcjWOBSWaphuxIz95OwlNltG5Hg8aMf2Cj4wpXy3VFImJbvt/0= bls-soft\\stepynin.g.a@WS010",
              "user-data": "#cloud-config\nusers:\n - name: user\n   groups: sudo\n   shell: /bin/bash\n   sudo: ['ALL=(ALL) NOPASSWD:ALL']\n   ssh-authorized-keys:\n      - \"ssh-rsa AAAAB3NzaC1yc2EAAAADAQABAAABgQDVirm/fZojFfseB2R6PmHiDvVweDMO6E5zeBix/P1HWgw/PtJ+d66AVwVNQk9eaVRqNU4aBAWXSdlyZbBxRpDsUKdWBsAHhPOU25lklfcYhWjHbF/cQ8peKRkVxNEMiS8F/gJvcjIXia0hMTZpDVBS2PZ+h9KokYKulz4bAEYV7J/VipjsUMtpKUkRx/gttnjoXEv6J++9Cxy0iD8zEO1fBWTSvMCxTqAo873va9AI9ua3tivFC1VjvxXQIbKznuJ4k0mJY0Bg7fkoDVqskfjmu72FoflZ1rhuYnwAr+r1ugqLpeGFNtiem837KLppgmtpVuJN3PKbx6EPMnJ2uf89oMPcEhhHrhYOGmWEFvrPFqerDfCX+UXkvU+KK4tpUe0K0uw5/e7EsSqnZvoWx6tvSh7cPkWT4kIZXFPzsqvcSepI+H3hiv8CQuypr1aHYikcTM6AdeU3RQBq8FcjWOBSWaphuxIz95OwlNltG5Hg8aMf2Cj4wpXy3VFImJbvt/0= bls-soft\\stepynin.g.a@WS010\"\n"
            },
            "metadata_options": [
              {
                "aws_v1_http_endpoint": 1,
                "aws_v1_http_token": 2,
                "gce_http_endpoint": 1,
                "gce_http_token": 1
              }
            ],
            "name": "vm-1",
            "network_acceleration_type": "standard",
            "network_interface": [
              {
                "dns_record": [],
                "index": 0,
                "ip_address": "192.168.20.17",
                "ipv4": true,
                "ipv6": false,
                "ipv6_address": "",
                "ipv6_dns_record": [],
                "mac_address": "d0:0d:7b:55:65:f8",
                "nat": true,
                "nat_dns_record": [],
                "nat_ip_address": "158.160.88.218",
                "nat_ip_version": "IPV4",
                "security_group_ids": [],
                "subnet_id": "e2l2e9m0lt7n7r3vk5h1"
              }
            ],
            "placement_policy": [
              {
                "host_affinity_rules": [],
                "placement_group_id": "",
                "placement_group_partition": 0
              }
            ],
            "platform_id": "standard-v3",
            "resources": [
              {
                "core_fraction": 20,
                "cores": 2,
                "gpus": 0,
                "memory": 8
              }
            ],
            "scheduling_policy": [
              {
                "preemptible": true
              }
            ],
            "secondary_disk": [],
            "service_account_id": "",
            "status": "running",
            "timeouts": null,
            "zone": "ru-central1-b"
          },
          "sensitive_attributes": [],
          "private": "eyJlMmJmYjczMC1lY2FhLTExZTYtOGY4OC0zNDM2M2JjN2M0YzAiOnsiY3JlYXRlIjozMDAwMDAwMDAwMDAsImRlbGV0ZSI6MzAwMDAwMDAwMDAwLCJ1cGRhdGUiOjMwMDAwMDAwMDAwMH0sInNjaGVtYV92ZXJzaW9uIjoiMSJ9",
          "dependencies": [
            "data.yandex_compute_image.ubuntu",
            "yandex_vpc_network.diplom-network",
            "yandex_vpc_subnet.public-b"
          ]
        },
        {
          "index_key": 1,
          "schema_version": 1,
          "attributes": {
            "allow_recreate": null,
            "allow_stopping_for_update": null,
            "boot_disk": [
              {
                "auto_delete": true,
                "device_name": "epd8lhig8f8fkoc1tmpl",
                "disk_id": "epd8lhig8f8fkoc1tmpl",
                "initialize_params": [
                  {
                    "block_size": 4096,
                    "description": "",
                    "image_id": "fd8chrq89mmk8tqm85r8",
                    "kms_key_id": "",
                    "name": "",
                    "size": 50,
                    "snapshot_id": "",
                    "type": "network-hdd"
                  }
                ],
                "mode": "READ_WRITE"
              }
            ],
            "created_at": "2025-01-28T08:11:28Z",
            "description": "",
            "filesystem": [],
            "folder_id": "b1gbaccuaasnld9i4p6h",
            "fqdn": "epdt47g25ao5btr7l5rf.auto.internal",
            "gpu_cluster_id": "",
            "hardware_generation": [
              {
                "generation2_features": [],
                "legacy_features": [
                  {
                    "pci_topology": "PCI_TOPOLOGY_V1"
                  }
                ]
              }
            ],
            "hostname": "",
            "id": "epdt47g25ao5btr7l5rf",
            "labels": null,
            "local_disk": [],
            "maintenance_grace_period": "",
            "maintenance_policy": null,
            "metadata": {
              "serial-port-enable": "1",
              "ssh-keys": "user:ssh-rsa AAAAB3NzaC1yc2EAAAADAQABAAABgQDVirm/fZojFfseB2R6PmHiDvVweDMO6E5zeBix/P1HWgw/PtJ+d66AVwVNQk9eaVRqNU4aBAWXSdlyZbBxRpDsUKdWBsAHhPOU25lklfcYhWjHbF/cQ8peKRkVxNEMiS8F/gJvcjIXia0hMTZpDVBS2PZ+h9KokYKulz4bAEYV7J/VipjsUMtpKUkRx/gttnjoXEv6J++9Cxy0iD8zEO1fBWTSvMCxTqAo873va9AI9ua3tivFC1VjvxXQIbKznuJ4k0mJY0Bg7fkoDVqskfjmu72FoflZ1rhuYnwAr+r1ugqLpeGFNtiem837KLppgmtpVuJN3PKbx6EPMnJ2uf89oMPcEhhHrhYOGmWEFvrPFqerDfCX+UXkvU+KK4tpUe0K0uw5/e7EsSqnZvoWx6tvSh7cPkWT4kIZXFPzsqvcSepI+H3hiv8CQuypr1aHYikcTM6AdeU3RQBq8FcjWOBSWaphuxIz95OwlNltG5Hg8aMf2Cj4wpXy3VFImJbvt/0= bls-soft\\stepynin.g.a@WS010",
              "user-data": "#cloud-config\nusers:\n - name: user\n   groups: sudo\n   shell: /bin/bash\n   sudo: ['ALL=(ALL) NOPASSWD:ALL']\n   ssh-authorized-keys:\n      - \"ssh-rsa AAAAB3NzaC1yc2EAAAADAQABAAABgQDVirm/fZojFfseB2R6PmHiDvVweDMO6E5zeBix/P1HWgw/PtJ+d66AVwVNQk9eaVRqNU4aBAWXSdlyZbBxRpDsUKdWBsAHhPOU25lklfcYhWjHbF/cQ8peKRkVxNEMiS8F/gJvcjIXia0hMTZpDVBS2PZ+h9KokYKulz4bAEYV7J/VipjsUMtpKUkRx/gttnjoXEv6J++9Cxy0iD8zEO1fBWTSvMCxTqAo873va9AI9ua3tivFC1VjvxXQIbKznuJ4k0mJY0Bg7fkoDVqskfjmu72FoflZ1rhuYnwAr+r1ugqLpeGFNtiem837KLppgmtpVuJN3PKbx6EPMnJ2uf89oMPcEhhHrhYOGmWEFvrPFqerDfCX+UXkvU+KK4tpUe0K0uw5/e7EsSqnZvoWx6tvSh7cPkWT4kIZXFPzsqvcSepI+H3hiv8CQuypr1aHYikcTM6AdeU3RQBq8FcjWOBSWaphuxIz95OwlNltG5Hg8aMf2Cj4wpXy3VFImJbvt/0= bls-soft\\stepynin.g.a@WS010\"\n"
            },
            "metadata_options": [
              {
                "aws_v1_http_endpoint": 1,
                "aws_v1_http_token": 2,
                "gce_http_endpoint": 1,
                "gce_http_token": 1
              }
            ],
            "name": "vm-2",
            "network_acceleration_type": "standard",
            "network_interface": [
              {
                "dns_record": [],
                "index": 0,
                "ip_address": "192.168.20.19",
                "ipv4": true,
                "ipv6": false,
                "ipv6_address": "",
                "ipv6_dns_record": [],
                "mac_address": "d0:0d:1d:21:e0:22",
                "nat": true,
                "nat_dns_record": [],
                "nat_ip_address": "158.160.76.143",
                "nat_ip_version": "IPV4",
                "security_group_ids": [],
                "subnet_id": "e2l2e9m0lt7n7r3vk5h1"
              }
            ],
            "placement_policy": [
              {
                "host_affinity_rules": [],
                "placement_group_id": "",
                "placement_group_partition": 0
              }
            ],
            "platform_id": "standard-v3",
            "resources": [
              {
                "core_fraction": 20,
                "cores": 2,
                "gpus": 0,
                "memory": 8
              }
            ],
            "scheduling_policy": [
              {
                "preemptible": true
              }
            ],
            "secondary_disk": [],
            "service_account_id": "",
            "status": "running",
            "timeouts": null,
            "zone": "ru-central1-b"
          },
          "sensitive_attributes": [],
          "private": "eyJlMmJmYjczMC1lY2FhLTExZTYtOGY4OC0zNDM2M2JjN2M0YzAiOnsiY3JlYXRlIjozMDAwMDAwMDAwMDAsImRlbGV0ZSI6MzAwMDAwMDAwMDAwLCJ1cGRhdGUiOjMwMDAwMDAwMDAwMH0sInNjaGVtYV92ZXJzaW9uIjoiMSJ9",
          "dependencies": [
            "data.yandex_compute_image.ubuntu",
            "yandex_vpc_network.diplom-network",
            "yandex_vpc_subnet.public-b"
          ]
        },
        {
          "index_key": 2,
          "schema_version": 1,
          "attributes": {
            "allow_recreate": null,
            "allow_stopping_for_update": null,
            "boot_disk": [
              {
                "auto_delete": true,
                "device_name": "epdvae1ndvo6f4dpe8vq",
                "disk_id": "epdvae1ndvo6f4dpe8vq",
                "initialize_params": [
                  {
                    "block_size": 4096,
                    "description": "",
                    "image_id": "fd8chrq89mmk8tqm85r8",
                    "kms_key_id": "",
                    "name": "",
                    "size": 50,
                    "snapshot_id": "",
                    "type": "network-hdd"
                  }
                ],
                "mode": "READ_WRITE"
              }
            ],
            "created_at": "2025-01-28T08:11:29Z",
            "description": "",
            "filesystem": [],
            "folder_id": "b1gbaccuaasnld9i4p6h",
            "fqdn": "epd2dtjnsiqna243cpu4.auto.internal",
            "gpu_cluster_id": "",
            "hardware_generation": [
              {
                "generation2_features": [],
                "legacy_features": [
                  {
                    "pci_topology": "PCI_TOPOLOGY_V1"
                  }
                ]
              }
            ],
            "hostname": "",
            "id": "epd2dtjnsiqna243cpu4",
            "labels": null,
            "local_disk": [],
            "maintenance_grace_period": "",
            "maintenance_policy": null,
            "metadata": {
              "serial-port-enable": "1",
              "ssh-keys": "user:ssh-rsa AAAAB3NzaC1yc2EAAAADAQABAAABgQDVirm/fZojFfseB2R6PmHiDvVweDMO6E5zeBix/P1HWgw/PtJ+d66AVwVNQk9eaVRqNU4aBAWXSdlyZbBxRpDsUKdWBsAHhPOU25lklfcYhWjHbF/cQ8peKRkVxNEMiS8F/gJvcjIXia0hMTZpDVBS2PZ+h9KokYKulz4bAEYV7J/VipjsUMtpKUkRx/gttnjoXEv6J++9Cxy0iD8zEO1fBWTSvMCxTqAo873va9AI9ua3tivFC1VjvxXQIbKznuJ4k0mJY0Bg7fkoDVqskfjmu72FoflZ1rhuYnwAr+r1ugqLpeGFNtiem837KLppgmtpVuJN3PKbx6EPMnJ2uf89oMPcEhhHrhYOGmWEFvrPFqerDfCX+UXkvU+KK4tpUe0K0uw5/e7EsSqnZvoWx6tvSh7cPkWT4kIZXFPzsqvcSepI+H3hiv8CQuypr1aHYikcTM6AdeU3RQBq8FcjWOBSWaphuxIz95OwlNltG5Hg8aMf2Cj4wpXy3VFImJbvt/0= bls-soft\\stepynin.g.a@WS010",
              "user-data": "#cloud-config\nusers:\n - name: user\n   groups: sudo\n   shell: /bin/bash\n   sudo: ['ALL=(ALL) NOPASSWD:ALL']\n   ssh-authorized-keys:\n      - \"ssh-rsa AAAAB3NzaC1yc2EAAAADAQABAAABgQDVirm/fZojFfseB2R6PmHiDvVweDMO6E5zeBix/P1HWgw/PtJ+d66AVwVNQk9eaVRqNU4aBAWXSdlyZbBxRpDsUKdWBsAHhPOU25lklfcYhWjHbF/cQ8peKRkVxNEMiS8F/gJvcjIXia0hMTZpDVBS2PZ+h9KokYKulz4bAEYV7J/VipjsUMtpKUkRx/gttnjoXEv6J++9Cxy0iD8zEO1fBWTSvMCxTqAo873va9AI9ua3tivFC1VjvxXQIbKznuJ4k0mJY0Bg7fkoDVqskfjmu72FoflZ1rhuYnwAr+r1ugqLpeGFNtiem837KLppgmtpVuJN3PKbx6EPMnJ2uf89oMPcEhhHrhYOGmWEFvrPFqerDfCX+UXkvU+KK4tpUe0K0uw5/e7EsSqnZvoWx6tvSh7cPkWT4kIZXFPzsqvcSepI+H3hiv8CQuypr1aHYikcTM6AdeU3RQBq8FcjWOBSWaphuxIz95OwlNltG5Hg8aMf2Cj4wpXy3VFImJbvt/0= bls-soft\\stepynin.g.a@WS010\"\n"
            },
            "metadata_options": [
              {
                "aws_v1_http_endpoint": 1,
                "aws_v1_http_token": 2,
                "gce_http_endpoint": 1,
                "gce_http_token": 1
              }
            ],
            "name": "vm-3",
            "network_acceleration_type": "standard",
            "network_interface": [
              {
                "dns_record": [],
                "index": 0,
                "ip_address": "192.168.20.33",
                "ipv4": true,
                "ipv6": false,
                "ipv6_address": "",
                "ipv6_dns_record": [],
                "mac_address": "d0:0d:26:f6:77:e4",
                "nat": true,
                "nat_dns_record": [],
                "nat_ip_address": "158.160.89.46",
                "nat_ip_version": "IPV4",
                "security_group_ids": [],
                "subnet_id": "e2l2e9m0lt7n7r3vk5h1"
              }
            ],
            "placement_policy": [
              {
                "host_affinity_rules": [],
                "placement_group_id": "",
                "placement_group_partition": 0
              }
            ],
            "platform_id": "standard-v3",
            "resources": [
              {
                "core_fraction": 20,
                "cores": 2,
                "gpus": 0,
                "memory": 8
              }
            ],
            "scheduling_policy": [
              {
                "preemptible": true
              }
            ],
            "secondary_disk": [],
            "service_account_id": "",
            "status": "running",
            "timeouts": null,
            "zone": "ru-central1-b"
          },
          "sensitive_attributes": [],
          "private": "eyJlMmJmYjczMC1lY2FhLTExZTYtOGY4OC0zNDM2M2JjN2M0YzAiOnsiY3JlYXRlIjozMDAwMDAwMDAwMDAsImRlbGV0ZSI6MzAwMDAwMDAwMDAwLCJ1cGRhdGUiOjMwMDAwMDAwMDAwMH0sInNjaGVtYV92ZXJzaW9uIjoiMSJ9",
          "dependencies": [
            "data.yandex_compute_image.ubuntu",
            "yandex_vpc_network.diplom-network",
            "yandex_vpc_subnet.public-b"
          ]
        }
      ]
    },
    {
      "mode": "managed",
      "type": "yandex_vpc_network",
      "name": "diplom-network",
      "provider": "provider[\"registry.terraform.io/yandex-cloud/yandex\"]",
      "instances": [
        {
          "schema_version": 0,
          "attributes": {
            "created_at": "2025-01-28T08:11:25Z",
            "default_security_group_id": "enppifhibmv1tf6u5bp7",
            "description": "",
            "folder_id": "b1gbaccuaasnld9i4p6h",
            "id": "enpufogg53uceohca2sa",
            "labels": {},
            "name": "diplom-network",
            "subnet_ids": [],
            "timeouts": null
          },
          "sensitive_attributes": [],
          "private": "eyJlMmJmYjczMC1lY2FhLTExZTYtOGY4OC0zNDM2M2JjN2M0YzAiOnsiY3JlYXRlIjo2MDAwMDAwMDAwMCwiZGVsZXRlIjo2MDAwMDAwMDAwMCwidXBkYXRlIjo2MDAwMDAwMDAwMH19"
        }
      ]
    },
    {
      "mode": "managed",
      "type": "yandex_vpc_subnet",
      "name": "public-a",
      "provider": "provider[\"registry.terraform.io/yandex-cloud/yandex\"]",
      "instances": [
        {
          "schema_version": 0,
          "attributes": {
            "created_at": "2025-01-28T08:11:28Z",
            "description": "",
            "dhcp_options": [],
            "folder_id": "b1gbaccuaasnld9i4p6h",
            "id": "e9brmh6ph7tt7rdc395g",
            "labels": {},
            "name": "public-a-subnet",
            "network_id": "enpufogg53uceohca2sa",
            "route_table_id": "",
            "timeouts": null,
            "v4_cidr_blocks": [
              "192.168.10.0/24"
            ],
            "v6_cidr_blocks": [],
            "zone": "ru-central1-a"
          },
          "sensitive_attributes": [],
          "private": "eyJlMmJmYjczMC1lY2FhLTExZTYtOGY4OC0zNDM2M2JjN2M0YzAiOnsiY3JlYXRlIjoxODAwMDAwMDAwMDAsImRlbGV0ZSI6MTgwMDAwMDAwMDAwLCJ1cGRhdGUiOjE4MDAwMDAwMDAwMH19",
          "dependencies": [
            "yandex_vpc_network.diplom-network"
          ]
        }
      ]
    },
    {
      "mode": "managed",
      "type": "yandex_vpc_subnet",
      "name": "public-b",
      "provider": "provider[\"registry.terraform.io/yandex-cloud/yandex\"]",
      "instances": [
        {
          "schema_version": 0,
          "attributes": {
            "created_at": "2025-01-28T08:11:27Z",
            "description": "",
            "dhcp_options": [],
            "folder_id": "b1gbaccuaasnld9i4p6h",
            "id": "e2l2e9m0lt7n7r3vk5h1",
            "labels": {},
            "name": "public-b-subnet",
            "network_id": "enpufogg53uceohca2sa",
            "route_table_id": "",
            "timeouts": null,
            "v4_cidr_blocks": [
              "192.168.20.0/24"
            ],
            "v6_cidr_blocks": [],
            "zone": "ru-central1-b"
          },
          "sensitive_attributes": [],
          "private": "eyJlMmJmYjczMC1lY2FhLTExZTYtOGY4OC0zNDM2M2JjN2M0YzAiOnsiY3JlYXRlIjoxODAwMDAwMDAwMDAsImRlbGV0ZSI6MTgwMDAwMDAwMDAwLCJ1cGRhdGUiOjE4MDAwMDAwMDAwMH19",
          "dependencies": [
            "yandex_vpc_network.diplom-network"
          ]
        }
      ]
    }
  ],
  "check_results": null
}
